
Microsoft Visual Studio Solution File, Format Version 12.00
# Visual Studio Version 17
VisualStudioVersion = 17.6.33723.286
MinimumVisualStudioVersion = 10.0.40219.1
Project("{2150E333-8FDC-42A3-9474-1A3956D46DE8}") = "src", "src", "{3982A105-B967-41F7-BAB5-281727A935C4}"
EndProject
Project("{2150E333-8FDC-42A3-9474-1A3956D46DE8}") = "0 - Building Blocks", "0 - Building Blocks", "{264AFFA9-E664-40BC-9D6E-5D7F8FA8FC13}"
EndProject
Project("{2150E333-8FDC-42A3-9474-1A3956D46DE8}") = "1- Apresentacao", "1- Apresentacao", "{E42CC358-545E-4D8D-B618-4E63731E5FA2}"
EndProject
Project("{2150E333-8FDC-42A3-9474-1A3956D46DE8}") = "2 - Servicos", "2 - Servicos", "{900F98ED-E2F0-43CC-9FE9-AAF7B8EB7F64}"
EndProject
Project("{2150E333-8FDC-42A3-9474-1A3956D46DE8}") = "3 - Aplicacao", "3 - Aplicacao", "{08F1A4AC-C695-46A1-B2D9-F5C87E8F8A32}"
EndProject
Project("{2150E333-8FDC-42A3-9474-1A3956D46DE8}") = "4 - Dominio", "4 - Dominio", "{2ACB30DC-18F0-4993-A3D7-32A8BAC3FA68}"
EndProject
Project("{2150E333-8FDC-42A3-9474-1A3956D46DE8}") = "5 - Infra", "5 - Infra", "{AC8C6F00-3BE8-4DDF-9FFD-E55295995325}"
EndProject
Project("{2150E333-8FDC-42A3-9474-1A3956D46DE8}") = "6 - Testes", "6 - Testes", "{D428B110-5AD7-49D3-BEC2-435BBFBF3ABF}"
EndProject
Project("{FAE04EC0-301F-11D3-BF4B-00C04F79EFBC}") = "Senac.eShop.Infra.Data", "src\Senac.eShop.Infra.Data\Senac.eShop.Infra.Data.csproj", "{341A7C95-A67B-48C2-8AC2-95E7C0D15AD6}"
EndProject
Project("{FAE04EC0-301F-11D3-BF4B-00C04F79EFBC}") = "Senac.eShop.Infra.CrossCutting.IoC", "src\Senac.eShop.Infra.CrossCutting.IoC\Senac.eShop.Infra.CrossCutting.IoC.csproj", "{A4B90F02-AA2D-4C3D-BFAD-9B4348C4871C}"
EndProject
Project("{FAE04EC0-301F-11D3-BF4B-00C04F79EFBC}") = "Senac.eShop.Domain", "src\Senac.eShop.Domain\Senac.eShop.Domain.csproj", "{EFCC35C6-E897-45E4-A6B3-1B8DF74949EA}"
EndProject
Project("{FAE04EC0-301F-11D3-BF4B-00C04F79EFBC}") = "Senac.eShop.Domain.Shared", "src\Senac.eShop.Domain.Shared\Senac.eShop.Domain.Shared.csproj", "{7CAC195E-14E6-432F-AD72-B3A1522E201D}"
EndProject
Project("{FAE04EC0-301F-11D3-BF4B-00C04F79EFBC}") = "Senac.eShop.Application", "src\Senac.eShop.Application\Senac.eShop.Application.csproj", "{40FB81CF-7210-454F-86F7-73360A19322A}"
EndProject
Project("{FAE04EC0-301F-11D3-BF4B-00C04F79EFBC}") = "Senac.eShop.API", "src\Senac.eShop.API\Senac.eShop.API.csproj", "{A9B19CCA-6446-4B79-9B0B-89823E36C195}"
EndProject
Project("{FAE04EC0-301F-11D3-BF4B-00C04F79EFBC}") = "Senac.eShop.Core", "src\Senac.eShop.Core\Senac.eShop.Core.csproj", "{118118A7-E597-46C1-9C46-9C0044446DC8}"
EndProject
Global
	GlobalSection(SolutionConfigurationPlatforms) = preSolution
		Debug|Any CPU = Debug|Any CPU
		Release|Any CPU = Release|Any CPU
	EndGlobalSection
	GlobalSection(ProjectConfigurationPlatforms) = postSolution
		{341A7C95-A67B-48C2-8AC2-95E7C0D15AD6}.Debug|Any CPU.ActiveCfg = Debug|Any CPU
		{341A7C95-A67B-48C2-8AC2-95E7C0D15AD6}.Debug|Any CPU.Build.0 = Debug|Any CPU
		{341A7C95-A67B-48C2-8AC2-95E7C0D15AD6}.Release|Any CPU.ActiveCfg = Release|Any CPU
		{341A7C95-A67B-48C2-8AC2-95E7C0D15AD6}.Release|Any CPU.Build.0 = Release|Any CPU
		{A4B90F02-AA2D-4C3D-BFAD-9B4348C4871C}.Debug|Any CPU.ActiveCfg = Debug|Any CPU
		{A4B90F02-AA2D-4C3D-BFAD-9B4348C4871C}.Debug|Any CPU.Build.0 = Debug|Any CPU
		{A4B90F02-AA2D-4C3D-BFAD-9B4348C4871C}.Release|Any CPU.ActiveCfg = Release|Any CPU
		{A4B90F02-AA2D-4C3D-BFAD-9B4348C4871C}.Release|Any CPU.Build.0 = Release|Any CPU
		{EFCC35C6-E897-45E4-A6B3-1B8DF74949EA}.Debug|Any CPU.ActiveCfg = Debug|Any CPU
		{EFCC35C6-E897-45E4-A6B3-1B8DF74949EA}.Debug|Any CPU.Build.0 = Debug|Any CPU
		{EFCC35C6-E897-45E4-A6B3-1B8DF74949EA}.Release|Any CPU.ActiveCfg = Release|Any CPU
		{EFCC35C6-E897-45E4-A6B3-1B8DF74949EA}.Release|Any CPU.Build.0 = Release|Any CPU
		{7CAC195E-14E6-432F-AD72-B3A1522E201D}.Debug|Any CPU.ActiveCfg = Debug|Any CPU
		{7CAC195E-14E6-432F-AD72-B3A1522E201D}.Debug|Any CPU.Build.0 = Debug|Any CPU
		{7CAC195E-14E6-432F-AD72-B3A1522E201D}.Release|Any CPU.ActiveCfg = Release|Any CPU
		{7CAC195E-14E6-432F-AD72-B3A1522E201D}.Release|Any CPU.Build.0 = Release|Any CPU
		{40FB81CF-7210-454F-86F7-73360A19322A}.Debug|Any CPU.ActiveCfg = Debug|Any CPU
		{40FB81CF-7210-454F-86F7-73360A19322A}.Debug|Any CPU.Build.0 = Debug|Any CPU
		{40FB81CF-7210-454F-86F7-73360A19322A}.Release|Any CPU.ActiveCfg = Release|Any CPU
		{40FB81CF-7210-454F-86F7-73360A19322A}.Release|Any CPU.Build.0 = Release|Any CPU
		{A9B19CCA-6446-4B79-9B0B-89823E36C195}.Debug|Any CPU.ActiveCfg = Debug|Any CPU
		{A9B19CCA-6446-4B79-9B0B-89823E36C195}.Debug|Any CPU.Build.0 = Debug|Any CPU
		{A9B19CCA-6446-4B79-9B0B-89823E36C195}.Release|Any CPU.ActiveCfg = Release|Any CPU
		{A9B19CCA-6446-4B79-9B0B-89823E36C195}.Release|Any CPU.Build.0 = Release|Any CPU
		{118118A7-E597-46C1-9C46-9C0044446DC8}.Debug|Any CPU.ActiveCfg = Debug|Any CPU
		{118118A7-E597-46C1-9C46-9C0044446DC8}.Debug|Any CPU.Build.0 = Debug|Any CPU
		{118118A7-E597-46C1-9C46-9C0044446DC8}.Release|Any CPU.ActiveCfg = Release|Any CPU
		{118118A7-E597-46C1-9C46-9C0044446DC8}.Release|Any CPU.Build.0 = Release|Any CPU
	EndGlobalSection
	GlobalSection(SolutionProperties) = preSolution
		HideSolutionNode = FALSE
	EndGlobalSection
	GlobalSection(NestedProjects) = preSolution
		{264AFFA9-E664-40BC-9D6E-5D7F8FA8FC13} = {3982A105-B967-41F7-BAB5-281727A935C4}
		{E42CC358-545E-4D8D-B618-4E63731E5FA2} = {3982A105-B967-41F7-BAB5-281727A935C4}
		{900F98ED-E2F0-43CC-9FE9-AAF7B8EB7F64} = {3982A105-B967-41F7-BAB5-281727A935C4}
		{08F1A4AC-C695-46A1-B2D9-F5C87E8F8A32} = {3982A105-B967-41F7-BAB5-281727A935C4}
		{2ACB30DC-18F0-4993-A3D7-32A8BAC3FA68} = {3982A105-B967-41F7-BAB5-281727A935C4}
		{AC8C6F00-3BE8-4DDF-9FFD-E55295995325} = {3982A105-B967-41F7-BAB5-281727A935C4}
		{D428B110-5AD7-49D3-BEC2-435BBFBF3ABF} = {3982A105-B967-41F7-BAB5-281727A935C4}
		{341A7C95-A67B-48C2-8AC2-95E7C0D15AD6} = {AC8C6F00-3BE8-4DDF-9FFD-E55295995325}
		{A4B90F02-AA2D-4C3D-BFAD-9B4348C4871C} = {AC8C6F00-3BE8-4DDF-9FFD-E55295995325}
		{EFCC35C6-E897-45E4-A6B3-1B8DF74949EA} = {2ACB30DC-18F0-4993-A3D7-32A8BAC3FA68}
		{7CAC195E-14E6-432F-AD72-B3A1522E201D} = {2ACB30DC-18F0-4993-A3D7-32A8BAC3FA68}
		{40FB81CF-7210-454F-86F7-73360A19322A} = {08F1A4AC-C695-46A1-B2D9-F5C87E8F8A32}
		{A9B19CCA-6446-4B79-9B0B-89823E36C195} = {900F98ED-E2F0-43CC-9FE9-AAF7B8EB7F64}
		{118118A7-E597-46C1-9C46-9C0044446DC8} = {264AFFA9-E664-40BC-9D6E-5D7F8FA8FC13}
	EndGlobalSection
	GlobalSection(ExtensibilityGlobals) = postSolution
		SolutionGuid = {FDAF9679-6F0A-4EA2-9A22-67519E82C5DA}
	EndGlobalSection
EndGlobal
